
Microsoft Visual Studio Solution File, Format Version 12.00
# Visual Studio Version 16
VisualStudioVersion = 16.0.32002.261
MinimumVisualStudioVersion = 10.0.40219.1
Project("{FAE04EC0-301F-11D3-BF4B-00C04F79EFBC}") = "Mission2", "Mission2\Mission2.csproj", "{CF5BBE5B-A5ED-487B-B248-49880184E67E}"
EndProject
Global
	GlobalSection(SolutionConfigurationPlatforms) = preSolution
		Debug|Any CPU = Debug|Any CPU
		Release|Any CPU = Release|Any CPU
	EndGlobalSection
	GlobalSection(ProjectConfigurationPlatforms) = postSolution
		{CF5BBE5B-A5ED-487B-B248-49880184E67E}.Debug|Any CPU.ActiveCfg = Debug|Any CPU
		{CF5BBE5B-A5ED-487B-B248-49880184E67E}.Debug|Any CPU.Build.0 = Debug|Any CPU
		{CF5BBE5B-A5ED-487B-B248-49880184E67E}.Release|Any CPU.ActiveCfg = Release|Any CPU
		{CF5BBE5B-A5ED-487B-B248-49880184E67E}.Release|Any CPU.Build.0 = Release|Any CPU
	EndGlobalSection
	GlobalSection(SolutionProperties) = preSolution
		HideSolutionNode = FALSE
	EndGlobalSection
	GlobalSection(ExtensibilityGlobals) = postSolution
		SolutionGuid = {7EB6F136-3CC5-4AF4-A9C7-BC1D77EB8271}
	EndGlobalSection
EndGlobal
